<?xml version="1.0" encoding="utf-8"?>
<Project ToolsVersion="4.0" xmlns="http://schemas.microsoft.com/developer/msbuild/2003">
  <ItemGroup>
    <ClCompile Include="src\Breakout.cpp" />
    <ClCompile Include="src\states\MainGameState.cpp">
      <Filter>states</Filter>
    </ClCompile>
    <ClCompile Include="src\ElasticBorder.cpp" />
    <ClCompile Include="src\WarpingGrid.cpp" />
    <ClCompile Include="src\Ball.cpp">
      <Filter>objects</Filter>
    </ClCompile>
    <ClCompile Include="src\Paddle.cpp">
      <Filter>objects</Filter>
    </ClCompile>
    <ClCompile Include="src\LevelData.cpp">
      <Filter>objects</Filter>
    </ClCompile>
    <ClCompile Include="src\Bricks.cpp">
      <Filter>objects</Filter>
    </ClCompile>
    <ClCompile Include="src\DirectionIndicator.cpp">
      <Filter>objects</Filter>
    </ClCompile>
    <ClCompile Include="src\Messages.cpp">
      <Filter>objects</Filter>
    </ClCompile>
    <ClCompile Include="src\HUD.cpp">
      <Filter>objects</Filter>
    </ClCompile>
    <ClCompile Include="src\utils.cpp" />
  </ItemGroup>
  <ItemGroup>
    <ClInclude Include="resource.h" />
    <ClInclude Include="src\Breakout.h" />
    <ClInclude Include="src\states\MainGameState.h">
      <Filter>states</Filter>
    </ClInclude>
    <ClInclude Include="src\GameContext.h" />
    <ClInclude Include="src\Constants.h" />
    <ClInclude Include="src\WarpingGrid.h" />
    <ClInclude Include="src\ElasticBorder.h" />
    <ClInclude Include="src\GameSettings.h" />
    <ClInclude Include="src\Ball.h">
      <Filter>objects</Filter>
    </ClInclude>
    <ClInclude Include="src\Paddle.h">
      <Filter>objects</Filter>
    </ClInclude>
    <ClInclude Include="src\LevelData.h">
      <Filter>objects</Filter>
    </ClInclude>
    <ClInclude Include="src\Bricks.h">
      <Filter>objects</Filter>
    </ClInclude>
    <ClInclude Include="src\DirectionIndicator.h">
      <Filter>objects</Filter>
    </ClInclude>
    <ClInclude Include="src\Messages.h">
      <Filter>objects</Filter>
    </ClInclude>
    <ClInclude Include="src\HUD.h">
      <Filter>objects</Filter>
    </ClInclude>
    <ClInclude Include="src\utils.h" />
  </ItemGroup>
  <ItemGroup>
    <None Include="Breakout.manifest" />
    <None Include="content\engine_settings.json">
      <Filter>content</Filter>
    </None>
    <None Include="content\resources\sprite_templates.json">
      <Filter>content\resources</Filter>
    </None>
    <None Include="content\resources\xscale.json">
      <Filter>content\resources</Filter>
    </None>
    <None Include="content\particles\particlesystems.json">
      <Filter>content\particles</Filter>
    </None>
    <None Include="content\particles\ball_trail.json">
      <Filter>content\particles</Filter>
    </None>
    <None Include="content\resources\behaviors.json">
      <Filter>content\resources</Filter>
    </None>
    <None Include="content\resources\brick_definitions.json">
      <Filter>content\resources</Filter>
    </None>
    <None Include="content\resources\levels.json">
      <Filter>content\resources</Filter>
    </None>
    <None Include="content\particles\brick_explosion.json">
      <Filter>content\particles</Filter>
    </None>
    <None Include="content\resources.json">
      <Filter>content</Filter>
    </None>
    <None Include="content\dialogs\HUD.json">
      <Filter>content\dialogs</Filter>
    </None>
  </ItemGroup>
  <ItemGroup>
    <ResourceCompile Include="Breakout.rc" />
  </ItemGroup>
  <ItemGroup>
    <Filter Include="states">
      <UniqueIdentifier>{3e6ec588-e7f4-4e1d-b390-e51ee77552b9}</UniqueIdentifier>
    </Filter>
    <Filter Include="content">
      <UniqueIdentifier>{210f27a3-ef79-4fc7-8c35-ab71dcf4dcd0}</UniqueIdentifier>
    </Filter>
    <Filter Include="content\resources">
      <UniqueIdentifier>{d8fb6b15-cb6d-4a59-bcf9-3a44abd65b8d}</UniqueIdentifier>
    </Filter>
    <Filter Include="content\particles">
      <UniqueIdentifier>{951df23a-ff39-4a4b-aefe-02a8b1b62f49}</UniqueIdentifier>
    </Filter>
    <Filter Include="objects">
      <UniqueIdentifier>{d9685536-7695-413a-8508-1579846e7733}</UniqueIdentifier>
    </Filter>
    <Filter Include="content\dialogs">
      <UniqueIdentifier>{6551969d-81b8-4785-ba6a-cc9343afbbe0}</UniqueIdentifier>
    </Filter>
  </ItemGroup>
</Project>